// !$*UTF8*$!
{
	archiveVersion = 1;
	classes = {
	};
	objectVersion = 51;
	objects = {

/* Begin PBXBuildFile section */
		0643F24D22CDD5C800A161AC /* AppDelegate.m in Sources */ = {isa = PBXBuildFile; fileRef = 0643F24C22CDD5C800A161AC /* AppDelegate.m */; };
		0643F25522CDD5CA00A161AC /* Assets.xcassets in Resources */ = {isa = PBXBuildFile; fileRef = 0643F25422CDD5CA00A161AC /* Assets.xcassets */; };
		0643F25822CDD5CA00A161AC /* LaunchScreen.storyboard in Resources */ = {isa = PBXBuildFile; fileRef = 0643F25622CDD5CA00A161AC /* LaunchScreen.storyboard */; };
		0643F25B22CDD5CA00A161AC /* main.m in Sources */ = {isa = PBXBuildFile; fileRef = 0643F25A22CDD5CA00A161AC /* main.m */; };
		06A653D522DC1CE8003B6FDA /* image.xcassets in Resources */ = {isa = PBXBuildFile; fileRef = 06A653D422DC1CE8003B6FDA /* image.xcassets */; };
		06C7B2F022CEFAC800ACE86C /* LoginViewController.m in Sources */ = {isa = PBXBuildFile; fileRef = 06C7B2EE22CEFAC800ACE86C /* LoginViewController.m */; };
		06C7B2F122CEFAC800ACE86C /* LoginViewController.xib in Resources */ = {isa = PBXBuildFile; fileRef = 06C7B2EF22CEFAC800ACE86C /* LoginViewController.xib */; };
		06C7B2FA22CEFB4200ACE86C /* ForgetViewController.m in Sources */ = {isa = PBXBuildFile; fileRef = 06C7B2F822CEFB4200ACE86C /* ForgetViewController.m */; };
		06C7B2FB22CEFB4200ACE86C /* ForgetViewController.xib in Resources */ = {isa = PBXBuildFile; fileRef = 06C7B2F922CEFB4200ACE86C /* ForgetViewController.xib */; };
		06C7B2FF22CEFB6200ACE86C /* RegisterViewController.m in Sources */ = {isa = PBXBuildFile; fileRef = 06C7B2FD22CEFB6200ACE86C /* RegisterViewController.m */; };
		06C7B30022CEFB6200ACE86C /* RegisterViewController.xib in Resources */ = {isa = PBXBuildFile; fileRef = 06C7B2FE22CEFB6200ACE86C /* RegisterViewController.xib */; };
		1BFD84EF3744BAA1705CC783 /* Pods_BFLogin.framework in Frameworks */ = {isa = PBXBuildFile; fileRef = 18DFDD12F4ABD0C0A3763EF0 /* Pods_BFLogin.framework */; };
/* End PBXBuildFile section */

/* Begin PBXFileReference section */
		0643F24822CDD5C800A161AC /* BFLogin.app */ = {isa = PBXFileReference; explicitFileType = wrapper.application; includeInIndex = 0; path = BFLogin.app; sourceTree = BUILT_PRODUCTS_DIR; };
		0643F24B22CDD5C800A161AC /* AppDelegate.h */ = {isa = PBXFileReference; lastKnownFileType = sourcecode.c.h; path = AppDelegate.h; sourceTree = "<group>"; };
		0643F24C22CDD5C800A161AC /* AppDelegate.m */ = {isa = PBXFileReference; lastKnownFileType = sourcecode.c.objc; path = AppDelegate.m; sourceTree = "<group>"; };
		0643F25422CDD5CA00A161AC /* Assets.xcassets */ = {isa = PBXFileReference; lastKnownFileType = folder.assetcatalog; path = Assets.xcassets; sourceTree = "<group>"; };
		0643F25722CDD5CA00A161AC /* Base */ = {isa = PBXFileReference; lastKnownFileType = file.storyboard; name = Base; path = Base.lproj/LaunchScreen.storyboard; sourceTree = "<group>"; };
		0643F25922CDD5CA00A161AC /* Info.plist */ = {isa = PBXFileReference; lastKnownFileType = text.plist.xml; path = Info.plist; sourceTree = "<group>"; };
		0643F25A22CDD5CA00A161AC /* main.m */ = {isa = PBXFileReference; lastKnownFileType = sourcecode.c.objc; path = main.m; sourceTree = "<group>"; };
		06A653D422DC1CE8003B6FDA /* image.xcassets */ = {isa = PBXFileReference; lastKnownFileType = folder.assetcatalog; path = image.xcassets; sourceTree = "<group>"; };
		06C7B2ED22CEFAC800ACE86C /* LoginViewController.h */ = {isa = PBXFileReference; lastKnownFileType = sourcecode.c.h; path = LoginViewController.h; sourceTree = "<group>"; };
		06C7B2EE22CEFAC800ACE86C /* LoginViewController.m */ = {isa = PBXFileReference; lastKnownFileType = sourcecode.c.objc; path = LoginViewController.m; sourceTree = "<group>"; };
		06C7B2EF22CEFAC800ACE86C /* LoginViewController.xib */ = {isa = PBXFileReference; lastKnownFileType = file.xib; path = LoginViewController.xib; sourceTree = "<group>"; };
		06C7B2F722CEFB4200ACE86C /* ForgetViewController.h */ = {isa = PBXFileReference; lastKnownFileType = sourcecode.c.h; path = ForgetViewController.h; sourceTree = "<group>"; };
		06C7B2F822CEFB4200ACE86C /* ForgetViewController.m */ = {isa = PBXFileReference; lastKnownFileType = sourcecode.c.objc; path = ForgetViewController.m; sourceTree = "<group>"; };
		06C7B2F922CEFB4200ACE86C /* ForgetViewController.xib */ = {isa = PBXFileReference; lastKnownFileType = file.xib; path = ForgetViewController.xib; sourceTree = "<group>"; };
		06C7B2FC22CEFB6200ACE86C /* RegisterViewController.h */ = {isa = PBXFileReference; lastKnownFileType = sourcecode.c.h; path = RegisterViewController.h; sourceTree = "<group>"; };
		06C7B2FD22CEFB6200ACE86C /* RegisterViewController.m */ = {isa = PBXFileReference; lastKnownFileType = sourcecode.c.objc; path = RegisterViewController.m; sourceTree = "<group>"; };
		06C7B2FE22CEFB6200ACE86C /* RegisterViewController.xib */ = {isa = PBXFileReference; lastKnownFileType = file.xib; path = RegisterViewController.xib; sourceTree = "<group>"; };
		06CC27BE22DC23EA003F04B1 /* Header.h */ = {isa = PBXFileReference; lastKnownFileType = sourcecode.c.h; path = Header.h; sourceTree = "<group>"; };
		18DFDD12F4ABD0C0A3763EF0 /* Pods_BFLogin.framework */ = {isa = PBXFileReference; explicitFileType = wrapper.framework; includeInIndex = 0; path = Pods_BFLogin.framework; sourceTree = BUILT_PRODUCTS_DIR; };
		608D05F3E9545A625836EF36 /* Pods-BFLogin.debug.xcconfig */ = {isa = PBXFileReference; includeInIndex = 1; lastKnownFileType = text.xcconfig; name = "Pods-BFLogin.debug.xcconfig"; path = "Target Support Files/Pods-BFLogin/Pods-BFLogin.debug.xcconfig"; sourceTree = "<group>"; };
		7FE88388FD9E7AA89C7109E1 /* Pods-BFLogin.release.xcconfig */ = {isa = PBXFileReference; includeInIndex = 1; lastKnownFileType = text.xcconfig; name = "Pods-BFLogin.release.xcconfig"; path = "Target Support Files/Pods-BFLogin/Pods-BFLogin.release.xcconfig"; sourceTree = "<group>"; };
/* End PBXFileReference section */

/* Begin PBXFrameworksBuildPhase section */
		0643F24522CDD5C800A161AC /* Frameworks */ = {
			isa = PBXFrameworksBuildPhase;
			buildActionMask = 2147483647;
			files = (
				1BFD84EF3744BAA1705CC783 /* Pods_BFLogin.framework in Frameworks */,
			);
			runOnlyForDeploymentPostprocessing = 0;
		};
/* End PBXFrameworksBuildPhase section */

/* Begin PBXGroup section */
		0643F23F22CDD5C800A161AC = {
			isa = PBXGroup;
			children = (
				0643F24A22CDD5C800A161AC /* BFLogin */,
				0643F24922CDD5C800A161AC /* Products */,
				58E19B67C1331412584C12ED /* Pods */,
				1C840E144C7B571F0E93362A /* Frameworks */,
			);
			sourceTree = "<group>";
		};
		0643F24922CDD5C800A161AC /* Products */ = {
			isa = PBXGroup;
			children = (
				0643F24822CDD5C800A161AC /* BFLogin.app */,
			);
			name = Products;
			sourceTree = "<group>";
		};
		0643F24A22CDD5C800A161AC /* BFLogin */ = {
			isa = PBXGroup;
			children = (
				0643F26122CDD63A00A161AC /* ViewController */,
				0643F24B22CDD5C800A161AC /* AppDelegate.h */,
				0643F24C22CDD5C800A161AC /* AppDelegate.m */,
				0643F25422CDD5CA00A161AC /* Assets.xcassets */,
				0643F25622CDD5CA00A161AC /* LaunchScreen.storyboard */,
				0643F25922CDD5CA00A161AC /* Info.plist */,
				0643F25A22CDD5CA00A161AC /* main.m */,
				06A653D422DC1CE8003B6FDA /* image.xcassets */,
			);
			path = BFLogin;
			sourceTree = "<group>";
		};
		0643F26122CDD63A00A161AC /* ViewController */ = {
			isa = PBXGroup;
			children = (
				06C7B2ED22CEFAC800ACE86C /* LoginViewController.h */,
				06C7B2EE22CEFAC800ACE86C /* LoginViewController.m */,
				06C7B2EF22CEFAC800ACE86C /* LoginViewController.xib */,
				06C7B2F722CEFB4200ACE86C /* ForgetViewController.h */,
				06C7B2F822CEFB4200ACE86C /* ForgetViewController.m */,
				06C7B2F922CEFB4200ACE86C /* ForgetViewController.xib */,
				06C7B2FC22CEFB6200ACE86C /* RegisterViewController.h */,
				06C7B2FD22CEFB6200ACE86C /* RegisterViewController.m */,
				06C7B2FE22CEFB6200ACE86C /* RegisterViewController.xib */,
				06CC27BE22DC23EA003F04B1 /* Header.h */,
			);
			path = ViewController;
			sourceTree = "<group>";
		};
		1C840E144C7B571F0E93362A /* Frameworks */ = {
			isa = PBXGroup;
			children = (
				18DFDD12F4ABD0C0A3763EF0 /* Pods_BFLogin.framework */,
			);
			name = Frameworks;
			sourceTree = "<group>";
		};
		58E19B67C1331412584C12ED /* Pods */ = {
			isa = PBXGroup;
			children = (
				608D05F3E9545A625836EF36 /* Pods-BFLogin.debug.xcconfig */,
				7FE88388FD9E7AA89C7109E1 /* Pods-BFLogin.release.xcconfig */,
			);
			path = Pods;
			sourceTree = "<group>";
		};
/* End PBXGroup section */

/* Begin PBXNativeTarget section */
		0643F24722CDD5C800A161AC /* BFLogin */ = {
			isa = PBXNativeTarget;
			buildConfigurationList = 0643F25E22CDD5CA00A161AC /* Build configuration list for PBXNativeTarget "BFLogin" */;
			buildPhases = (
				1E3AD5F1F5E3C791D987DD96 /* [CP] Check Pods Manifest.lock */,
				0643F24422CDD5C800A161AC /* Sources */,
				0643F24522CDD5C800A161AC /* Frameworks */,
				0643F24622CDD5C800A161AC /* Resources */,
				A1C1DABE9067D3A441267754 /* [CP] Embed Pods Frameworks */,
			);
			buildRules = (
			);
			dependencies = (
			);
			name = BFLogin;
			productName = BFLogin;
			productReference = 0643F24822CDD5C800A161AC /* BFLogin.app */;
			productType = "com.apple.product-type.application";
		};
/* End PBXNativeTarget section */

/* Begin PBXProject section */
		0643F24022CDD5C800A161AC /* Project object */ = {
			isa = PBXProject;
			attributes = {
				LastUpgradeCheck = 1020;
				ORGANIZATIONNAME = BF;
				TargetAttributes = {
					0643F24722CDD5C800A161AC = {
						CreatedOnToolsVersion = 10.2.1;
					};
				};
			};
			buildConfigurationList = 0643F24322CDD5C800A161AC /* Build configuration list for PBXProject "BFLogin" */;
			compatibilityVersion = "Xcode 9.3";
			developmentRegion = en;
			hasScannedForEncodings = 0;
			knownRegions = (
				en,
				Base,
			);
			mainGroup = 0643F23F22CDD5C800A161AC;
			productRefGroup = 0643F24922CDD5C800A161AC /* Products */;
			projectDirPath = "";
			projectRoot = "";
			targets = (
				0643F24722CDD5C800A161AC /* BFLogin */,
			);
		};
/* End PBXProject section */

/* Begin PBXResourcesBuildPhase section */
		0643F24622CDD5C800A161AC /* Resources */ = {
			isa = PBXResourcesBuildPhase;
			buildActionMask = 2147483647;
			files = (
				06C7B2FB22CEFB4200ACE86C /* ForgetViewController.xib in Resources */,
				06C7B30022CEFB6200ACE86C /* RegisterViewController.xib in Resources */,
				06C7B2F122CEFAC800ACE86C /* LoginViewController.xib in Resources */,
				06A653D522DC1CE8003B6FDA /* image.xcassets in Resources */,
				0643F25822CDD5CA00A161AC /* LaunchScreen.storyboard in Resources */,
				0643F25522CDD5CA00A161AC /* Assets.xcassets in Resources */,
			);
			runOnlyForDeploymentPostprocessing = 0;
		};
/* End PBXResourcesBuildPhase section */

/* Begin PBXShellScriptBuildPhase section */
		1E3AD5F1F5E3C791D987DD96 /* [CP] Check Pods Manifest.lock */ = {
			isa = PBXShellScriptBuildPhase;
			buildActionMask = 2147483647;
			files = (
			);
			inputFileListPaths = (
			);
			inputPaths = (
				"${PODS_PODFILE_DIR_PATH}/Podfile.lock",
				"${PODS_ROOT}/Manifest.lock",
			);
			name = "[CP] Check Pods Manifest.lock";
			outputFileListPaths = (
			);
			outputPaths = (
				"$(DERIVED_FILE_DIR)/Pods-BFLogin-checkManifestLockResult.txt",
			);
			runOnlyForDeploymentPostprocessing = 0;
			shellPath = /bin/sh;
			shellScript = "diff \"${PODS_PODFILE_DIR_PATH}/Podfile.lock\" \"${PODS_ROOT}/Manifest.lock\" > /dev/null\nif [ $? != 0 ] ; then\n    # print error to STDERR\n    echo \"error: The sandbox is not in sync with the Podfile.lock. Run 'pod install' or update your CocoaPods installation.\" >&2\n    exit 1\nfi\n# This output is used by Xcode 'outputs' to avoid re-running this script phase.\necho \"SUCCESS\" > \"${SCRIPT_OUTPUT_FILE_0}\"\n";
			showEnvVarsInLog = 0;
		};
		A1C1DABE9067D3A441267754 /* [CP] Embed Pods Frameworks */ = {
			isa = PBXShellScriptBuildPhase;
			buildActionMask = 2147483647;
			files = (
			);
			inputFileListPaths = (
				"${PODS_ROOT}/Target Support Files/Pods-BFLogin/Pods-BFLogin-frameworks-${CONFIGURATION}-input-files.xcfilelist",
			);
			name = "[CP] Embed Pods Frameworks";
			outputFileListPaths = (
				"${PODS_ROOT}/Target Support Files/Pods-BFLogin/Pods-BFLogin-frameworks-${CONFIGURATION}-output-files.xcfilelist",
			);
			runOnlyForDeploymentPostprocessing = 0;
			shellPath = /bin/sh;
			shellScript = "\"${PODS_ROOT}/Target Support Files/Pods-BFLogin/Pods-BFLogin-frameworks.sh\"\n";
			showEnvVarsInLog = 0;
		};
/* End PBXShellScriptBuildPhase section */

/* Begin PBXSourcesBuildPhase section */
		0643F24422CDD5C800A161AC /* Sources */ = {
			isa = PBXSourcesBuildPhase;
			buildActionMask = 2147483647;
			files = (
				06C7B2FF22CEFB6200ACE86C /* RegisterViewController.m in Sources */,
				06C7B2F022CEFAC800ACE86C /* LoginViewController.m in Sources */,
				06C7B2FA22CEFB4200ACE86C /* ForgetViewController.m in Sources */,
				0643F25B22CDD5CA00A161AC /* main.m in Sources */,
				0643F24D22CDD5C800A161AC /* AppDelegate.m in Sources */,
			);
			runOnlyForDeploymentPostprocessing = 0;
		};
/* End PBXSourcesBuildPhase section */

/* Begin PBXVariantGroup section */
		0643F25622CDD5CA00A161AC /* LaunchScreen.storyboard */ = {
			isa = PBXVariantGroup;
			children = (
				0643F25722CDD5CA00A161AC /* Base */,
			);
			name = LaunchScreen.storyboard;
			sourceTree = "<group>";
		};
/* End PBXVariantGroup section */

/* Begin XCBuildConfiguration section */
		0643F25C22CDD5CA00A161AC /* Debug */ = {
			isa = XCBuildConfiguration;
			buildSettings = {
				ALWAYS_SEARCH_USER_PATHS = NO;
				CLANG_ANALYZER_NONNULL = YES;
				CLANG_ANALYZER_NUMBER_OBJECT_CONVERSION = YES_AGGRESSIVE;
				CLANG_CXX_LANGUAGE_STANDARD = "gnu++14";
				CLANG_CXX_LIBRARY = "libc++";
				CLANG_ENABLE_MODULES = YES;
				CLANG_ENABLE_OBJC_ARC = YES;
				CLANG_ENABLE_OBJC_WEAK = YES;
				CLANG_WARN_BLOCK_CAPTURE_AUTORELEASING = YES;
				CLANG_WARN_BOOL_CONVERSION = YES;
				CLANG_WARN_COMMA = YES;
				CLANG_WARN_CONSTANT_CONVERSION = YES;
				CLANG_WARN_DEPRECATED_OBJC_IMPLEMENTATIONS = YES;
				CLANG_WARN_DIRECT_OBJC_ISA_USAGE = YES_ERROR;
				CLANG_WARN_DOCUMENTATION_COMMENTS = YES;
				CLANG_WARN_EMPTY_BODY = YES;
				CLANG_WARN_ENUM_CONVERSION = YES;
				CLANG_WARN_INFINITE_RECURSION = YES;
				CLANG_WARN_INT_CONVERSION = YES;
				CLANG_WARN_NON_LITERAL_NULL_CONVERSION = YES;
				CLANG_WARN_OBJC_IMPLICIT_RETAIN_SELF = YES;
				CLANG_WARN_OBJC_LITERAL_CONVERSION = YES;
				CLANG_WARN_OBJC_ROOT_CLASS = YES_ERROR;
				CLANG_WARN_RANGE_LOOP_ANALYSIS = YES;
				CLANG_WARN_STRICT_PROTOTYPES = YES;
				CLANG_WARN_SUSPICIOUS_MOVE = YES;
				CLANG_WARN_UNGUARDED_AVAILABILITY = YES_AGGRESSIVE;
				CLANG_WARN_UNREACHABLE_CODE = YES;
				CLANG_WARN__DUPLICATE_METHOD_MATCH = YES;
				CODE_SIGN_IDENTITY = "iPhone Developer";
				COPY_PHASE_STRIP = NO;
				DEBUG_INFORMATION_FORMAT = dwarf;
				ENABLE_STRICT_OBJC_MSGSEND = YES;
				ENABLE_TESTABILITY = YES;
				GCC_C_LANGUAGE_STANDARD = gnu11;
				GCC_DYNAMIC_NO_PIC = NO;
				GCC_NO_COMMON_BLOCKS = YES;
				GCC_OPTIMIZATION_LEVEL = 0;
				GCC_PREPROCESSOR_DEFINITIONS = (
					"DEBUG=1",
					"$(inherited)",
				);
				GCC_WARN_64_TO_32_BIT_CONVERSION = YES;
				GCC_WARN_ABOUT_RETURN_TYPE = YES_ERROR;
				GCC_WARN_UNDECLARED_SELECTOR = YES;
				GCC_WARN_UNINITIALIZED_AUTOS = YES_AGGRESSIVE;
				GCC_WARN_UNUSED_FUNCTION = YES;
				GCC_WARN_UNUSED_VARIABLE = YES;
				IPHONEOS_DEPLOYMENT_TARGET = 9.0;
				MTL_ENABLE_DEBUG_INFO = INCLUDE_SOURCE;
				MTL_FAST_MATH = YES;
				ONLY_ACTIVE_ARCH = YES;
				SDKROOT = iphoneos;
			};
			name = Debug;
		};
		0643F25D22CDD5CA00A161AC /* Release */ = {
			isa = XCBuildConfiguration;
			buildSettings = {
				ALWAYS_SEARCH_USER_PATHS = NO;
				CLANG_ANALYZER_NONNULL = YES;
				CLANG_ANALYZER_NUMBER_OBJECT_CONVERSION = YES_AGGRESSIVE;
				CLANG_CXX_LANGUAGE_STANDARD = "gnu++14";
				CLANG_CXX_LIBRARY = "libc++";
				CLANG_ENABLE_MODULES = YES;
				CLANG_ENABLE_OBJC_ARC = YES;
				CLANG_ENABLE_OBJC_WEAK = YES;
				CLANG_WARN_BLOCK_CAPTURE_AUTORELEASING = YES;
				CLANG_WARN_BOOL_CONVERSION = YES;
				CLANG_WARN_COMMA = YES;
				CLANG_WARN_CONSTANT_CONVERSION = YES;
				CLANG_WARN_DEPRECATED_OBJC_IMPLEMENTATIONS = YES;
				CLANG_WARN_DIRECT_OBJC_ISA_USAGE = YES_ERROR;
				CLANG_WARN_DOCUMENTATION_COMMENTS = YES;
				CLANG_WARN_EMPTY_BODY = YES;
				CLANG_WARN_ENUM_CONVERSION = YES;
				CLANG_WARN_INFINITE_RECURSION = YES;
				CLANG_WARN_INT_CONVERSION = YES;
				CLANG_WARN_NON_LITERAL_NULL_CONVERSION = YES;
				CLANG_WARN_OBJC_IMPLICIT_RETAIN_SELF = YES;
				CLANG_WARN_OBJC_LITERAL_CONVERSION = YES;
				CLANG_WARN_OBJC_ROOT_CLASS = YES_ERROR;
				CLANG_WARN_RANGE_LOOP_ANALYSIS = YES;
				CLANG_WARN_STRICT_PROTOTYPES = YES;
				CLANG_WARN_SUSPICIOUS_MOVE = YES;
				CLANG_WARN_UNGUARDED_AVAILABILITY = YES_AGGRESSIVE;
				CLANG_WARN_UNREACHABLE_CODE = YES;
				CLANG_WARN__DUPLICATE_METHOD_MATCH = YES;
				CODE_SIGN_IDENTITY = "iPhone Developer";
				COPY_PHASE_STRIP = NO;
				DEBUG_INFORMATION_FORMAT = "dwarf-with-dsym";
				ENABLE_NS_ASSERTIONS = NO;
				ENABLE_STRICT_OBJC_MSGSEND = YES;
				GCC_C_LANGUAGE_STANDARD = gnu11;
				GCC_NO_COMMON_BLOCKS = YES;
				GCC_WARN_64_TO_32_BIT_CONVERSION = YES;
				GCC_WARN_ABOUT_RETURN_TYPE = YES_ERROR;
				GCC_WARN_UNDECLARED_SELECTOR = YES;
				GCC_WARN_UNINITIALIZED_AUTOS = YES_AGGRESSIVE;
				GCC_WARN_UNUSED_FUNCTION = YES;
				GCC_WARN_UNUSED_VARIABLE = YES;
				IPHONEOS_DEPLOYMENT_TARGET = 9.0;
				MTL_ENABLE_DEBUG_INFO = NO;
				MTL_FAST_MATH = YES;
				SDKROOT = iphoneos;
				VALIDATE_PRODUCT = YES;
			};
			name = Release;
		};
		0643F25F22CDD5CA00A161AC /* Debug */ = {
			isa = XCBuildConfiguration;
			baseConfigurationReference = 608D05F3E9545A625836EF36 /* Pods-BFLogin.debug.xcconfig */;
			buildSettings = {
				ASSETCATALOG_COMPILER_APPICON_NAME = AppIcon;
				CODE_SIGN_STYLE = Automatic;
				DEVELOPMENT_TEAM = A4EZAZ6ES2;
				INFOPLIST_FILE = BFLogin/Info.plist;
				IPHONEOS_DEPLOYMENT_TARGET = 9.0;
				LD_RUNPATH_SEARCH_PATHS = (
					"$(inherited)",
					"@executable_path/Frameworks",
				);
				PRODUCT_BUNDLE_IDENTIFIER = com.bqf.BFLogin;
				PRODUCT_NAME = "$(TARGET_NAME)";
				TARGETED_DEVICE_FAMILY = "1,2";
			};
			name = Debug;
		};
		0643F26022CDD5CA00A161AC /* Release */ = {
			isa = XCBuildConfiguration;
			baseConfigurationReference = 7FE88388FD9E7AA89C7109E1 /* Pods-BFLogin.release.xcconfig */;
			buildSettings = {
				ASSETCATALOG_COMPILER_APPICON_NAME = AppIcon;
				CODE_SIGN_STYLE = Automatic;
				DEVELOPMENT_TEAM = A4EZAZ6ES2;
				INFOPLIST_FILE = BFLogin/Info.plist;
				IPHONEOS_DEPLOYMENT_TARGET = 9.0;
				LD_RUNPATH_SEARCH_PATHS = (
					"$(inherited)",
					"@executable_path/Frameworks",
				);
				PRODUCT_BUNDLE_IDENTIFIER = com.bqf.BFLogin;
				PRODUCT_NAME = "$(TARGET_NAME)";
				TARGETED_DEVICE_FAMILY = "1,2";
			};
			name = Release;
		};
/* End XCBuildConfiguration section */

/* Begin XCConfigurationList section */
		0643F24322CDD5C800A161AC /* Build configuration list for PBXProject "BFLogin" */ = {
			isa = XCConfigurationList;
			buildConfigurations = (
				0643F25C22CDD5CA00A161AC /* Debug */,
				0643F25D22CDD5CA00A161AC /* Release */,
			);
			defaultConfigurationIsVisible = 0;
			defaultConfigurationName = Release;
		};
		0643F25E22CDD5CA00A161AC /* Build configuration list for PBXNativeTarget "BFLogin" */ = {
			isa = XCConfigurationList;
			buildConfigurations = (
				0643F25F22CDD5CA00A161AC /* Debug */,
				0643F26022CDD5CA00A161AC /* Release */,
			);
			defaultConfigurationIsVisible = 0;
			defaultConfigurationName = Release;
		};
/* End XCConfigurationList section */
	};
	rootObject = 0643F24022CDD5C800A161AC /* Project object */;
}
