// !$*UTF8*$!
{
	archiveVersion = 1;
	classes = {
	};
	objectVersion = 50;
	objects = {

/* Begin PBXBuildFile section */
		0643F24D22CDD5C800A161AC /* AppDelegate.m in Sources */ = {isa = PBXBuildFile; fileRef = 0643F24C22CDD5C800A161AC /* AppDelegate.m */; };
		0643F25022CDD5C800A161AC /* ViewController.m in Sources */ = {isa = PBXBuildFile; fileRef = 0643F24F22CDD5C800A161AC /* ViewController.m */; };
		0643F25322CDD5C800A161AC /* Main.storyboard in Resources */ = {isa = PBXBuildFile; fileRef = 0643F25122CDD5C800A161AC /* Main.storyboard */; };
		0643F25522CDD5CA00A161AC /* Assets.xcassets in Resources */ = {isa = PBXBuildFile; fileRef = 0643F25422CDD5CA00A161AC /* Assets.xcassets */; };
		0643F25822CDD5CA00A161AC /* LaunchScreen.storyboard in Resources */ = {isa = PBXBuildFile; fileRef = 0643F25622CDD5CA00A161AC /* LaunchScreen.storyboard */; };
		0643F25B22CDD5CA00A161AC /* main.m in Sources */ = {isa = PBXBuildFile; fileRef = 0643F25A22CDD5CA00A161AC /* main.m */; };
/* End PBXBuildFile section */

/* Begin PBXFileReference section */
		0643F24822CDD5C800A161AC /* BFLogin.app */ = {isa = PBXFileReference; explicitFileType = wrapper.application; includeInIndex = 0; path = BFLogin.app; sourceTree = BUILT_PRODUCTS_DIR; };
		0643F24B22CDD5C800A161AC /* AppDelegate.h */ = {isa = PBXFileReference; lastKnownFileType = sourcecode.c.h; path = AppDelegate.h; sourceTree = "<group>"; };
		0643F24C22CDD5C800A161AC /* AppDelegate.m */ = {isa = PBXFileReference; lastKnownFileType = sourcecode.c.objc; path = AppDelegate.m; sourceTree = "<group>"; };
		0643F24E22CDD5C800A161AC /* ViewController.h */ = {isa = PBXFileReference; lastKnownFileType = sourcecode.c.h; path = ViewController.h; sourceTree = "<group>"; };
		0643F24F22CDD5C800A161AC /* ViewController.m */ = {isa = PBXFileReference; lastKnownFileType = sourcecode.c.objc; path = ViewController.m; sourceTree = "<group>"; };
		0643F25222CDD5C800A161AC /* Base */ = {isa = PBXFileReference; lastKnownFileType = file.storyboard; name = Base; path = Base.lproj/Main.storyboard; sourceTree = "<group>"; };
		0643F25422CDD5CA00A161AC /* Assets.xcassets */ = {isa = PBXFileReference; lastKnownFileType = folder.assetcatalog; path = Assets.xcassets; sourceTree = "<group>"; };
		0643F25722CDD5CA00A161AC /* Base */ = {isa = PBXFileReference; lastKnownFileType = file.storyboard; name = Base; path = Base.lproj/LaunchScreen.storyboard; sourceTree = "<group>"; };
		0643F25922CDD5CA00A161AC /* Info.plist */ = {isa = PBXFileReference; lastKnownFileType = text.plist.xml; path = Info.plist; sourceTree = "<group>"; };
		0643F25A22CDD5CA00A161AC /* main.m */ = {isa = PBXFileReference; lastKnownFileType = sourcecode.c.objc; path = main.m; sourceTree = "<group>"; };
/* End PBXFileReference section */

/* Begin PBXFrameworksBuildPhase section */
		0643F24522CDD5C800A161AC /* Frameworks */ = {
			isa = PBXFrameworksBuildPhase;
			buildActionMask = 2147483647;
			files = (
			);
			runOnlyForDeploymentPostprocessing = 0;
		};
/* End PBXFrameworksBuildPhase section */

/* Begin PBXGroup section */
		0643F23F22CDD5C800A161AC = {
			isa = PBXGroup;
			children = (
				0643F24A22CDD5C800A161AC /* BFLogin */,
				0643F24922CDD5C800A161AC /* Products */,
			);
			sourceTree = "<group>";
		};
		0643F24922CDD5C800A161AC /* Products */ = {
			isa = PBXGroup;
			children = (
				0643F24822CDD5C800A161AC /* BFLogin.app */,
			);
			name = Products;
			sourceTree = "<group>";
		};
		0643F24A22CDD5C800A161AC /* BFLogin */ = {
			isa = PBXGroup;
			children = (
				0643F24B22CDD5C800A161AC /* AppDelegate.h */,
				0643F24C22CDD5C800A161AC /* AppDelegate.m */,
				0643F24E22CDD5C800A161AC /* ViewController.h */,
				0643F24F22CDD5C800A161AC /* ViewController.m */,
				0643F25122CDD5C800A161AC /* Main.storyboard */,
				0643F25422CDD5CA00A161AC /* Assets.xcassets */,
				0643F25622CDD5CA00A161AC /* LaunchScreen.storyboard */,
				0643F25922CDD5CA00A161AC /* Info.plist */,
				0643F25A22CDD5CA00A161AC /* main.m */,
			);
			path = BFLogin;
			sourceTree = "<group>";
		};
/* End PBXGroup section */

/* Begin PBXNativeTarget section */
		0643F24722CDD5C800A161AC /* BFLogin */ = {
			isa = PBXNativeTarget;
			buildConfigurationList = 0643F25E22CDD5CA00A161AC /* Build configuration list for PBXNativeTarget "BFLogin" */;
			buildPhases = (
				0643F24422CDD5C800A161AC /* Sources */,
				0643F24522CDD5C800A161AC /* Frameworks */,
				0643F24622CDD5C800A161AC /* Resources */,
			);
			buildRules = (
			);
			dependencies = (
			);
			name = BFLogin;
			productName = BFLogin;
			productReference = 0643F24822CDD5C800A161AC /* BFLogin.app */;
			productType = "com.apple.product-type.application";
		};
/* End PBXNativeTarget section */

/* Begin PBXProject section */
		0643F24022CDD5C800A161AC /* Project object */ = {
			isa = PBXProject;
			attributes = {
				LastUpgradeCheck = 1020;
				ORGANIZATIONNAME = BF;
				TargetAttributes = {
					0643F24722CDD5C800A161AC = {
						CreatedOnToolsVersion = 10.2.1;
					};
				};
			};
			buildConfigurationList = 0643F24322CDD5C800A161AC /* Build configuration list for PBXProject "BFLogin" */;
			compatibilityVersion = "Xcode 9.3";
			developmentRegion = en;
			hasScannedForEncodings = 0;
			knownRegions = (
				en,
				Base,
			);
			mainGroup = 0643F23F22CDD5C800A161AC;
			productRefGroup = 0643F24922CDD5C800A161AC /* Products */;
			projectDirPath = "";
			projectRoot = "";
			targets = (
				0643F24722CDD5C800A161AC /* BFLogin */,
			);
		};
/* End PBXProject section */

/* Begin PBXResourcesBuildPhase section */
		0643F24622CDD5C800A161AC /* Resources */ = {
			isa = PBXResourcesBuildPhase;
			buildActionMask = 2147483647;
			files = (
				0643F25822CDD5CA00A161AC /* LaunchScreen.storyboard in Resources */,
				0643F25522CDD5CA00A161AC /* Assets.xcassets in Resources */,
				0643F25322CDD5C800A161AC /* Main.storyboard in Resources */,
			);
			runOnlyForDeploymentPostprocessing = 0;
		};
/* End PBXResourcesBuildPhase section */

/* Begin PBXSourcesBuildPhase section */
		0643F24422CDD5C800A161AC /* Sources */ = {
			isa = PBXSourcesBuildPhase;
			buildActionMask = 2147483647;
			files = (
				0643F25022CDD5C800A161AC /* ViewController.m in Sources */,
				0643F25B22CDD5CA00A161AC /* main.m in Sources */,
				0643F24D22CDD5C800A161AC /* AppDelegate.m in Sources */,
			);
			runOnlyForDeploymentPostprocessing = 0;
		};
/* End PBXSourcesBuildPhase section */

/* Begin PBXVariantGroup section */
		0643F25122CDD5C800A161AC /* Main.storyboard */ = {
			isa = PBXVariantGroup;
			children = (
				0643F25222CDD5C800A161AC /* Base */,
			);
			name = Main.storyboard;
			sourceTree = "<group>";
		};
		0643F25622CDD5CA00A161AC /* LaunchScreen.storyboard */ = {
			isa = PBXVariantGroup;
			children = (
				0643F25722CDD5CA00A161AC /* Base */,
			);
			name = LaunchScreen.storyboard;
			sourceTree = "<group>";
		};
/* End PBXVariantGroup section */

/* Begin XCBuildConfiguration section */
		0643F25C22CDD5CA00A161AC /* Debug */ = {
			isa = XCBuildConfiguration;
			buildSettings = {
				ALWAYS_SEARCH_USER_PATHS = NO;
				CLANG_ANALYZER_NONNULL = YES;
				CLANG_ANALYZER_NUMBER_OBJECT_CONVERSION = YES_AGGRESSIVE;
				CLANG_CXX_LANGUAGE_STANDARD = "gnu++14";
				CLANG_CXX_LIBRARY = "libc++";
				CLANG_ENABLE_MODULES = YES;
				CLANG_ENABLE_OBJC_ARC = YES;
				CLANG_ENABLE_OBJC_WEAK = YES;
				CLANG_WARN_BLOCK_CAPTURE_AUTORELEASING = YES;
				CLANG_WARN_BOOL_CONVERSION = YES;
				CLANG_WARN_COMMA = YES;
				CLANG_WARN_CONSTANT_CONVERSION = YES;
				CLANG_WARN_DEPRECATED_OBJC_IMPLEMENTATIONS = YES;
				CLANG_WARN_DIRECT_OBJC_ISA_USAGE = YES_ERROR;
				CLANG_WARN_DOCUMENTATION_COMMENTS = YES;
				CLANG_WARN_EMPTY_BODY = YES;
				CLANG_WARN_ENUM_CONVERSION = YES;
				CLANG_WARN_INFINITE_RECURSION = YES;
				CLANG_WARN_INT_CONVERSION = YES;
				CLANG_WARN_NON_LITERAL_NULL_CONVERSION = YES;
				CLANG_WARN_OBJC_IMPLICIT_RETAIN_SELF = YES;
				CLANG_WARN_OBJC_LITERAL_CONVERSION = YES;
				CLANG_WARN_OBJC_ROOT_CLASS = YES_ERROR;
				CLANG_WARN_RANGE_LOOP_ANALYSIS = YES;
				CLANG_WARN_STRICT_PROTOTYPES = YES;
				CLANG_WARN_SUSPICIOUS_MOVE = YES;
				CLANG_WARN_UNGUARDED_AVAILABILITY = YES_AGGRESSIVE;
				CLANG_WARN_UNREACHABLE_CODE = YES;
				CLANG_WARN__DUPLICATE_METHOD_MATCH = YES;
				CODE_SIGN_IDENTITY = "iPhone Developer";
				COPY_PHASE_STRIP = NO;
				DEBUG_INFORMATION_FORMAT = dwarf;
				ENABLE_STRICT_OBJC_MSGSEND = YES;
				ENABLE_TESTABILITY = YES;
				GCC_C_LANGUAGE_STANDARD = gnu11;
				GCC_DYNAMIC_NO_PIC = NO;
				GCC_NO_COMMON_BLOCKS = YES;
				GCC_OPTIMIZATION_LEVEL = 0;
				GCC_PREPROCESSOR_DEFINITIONS = (
					"DEBUG=1",
					"$(inherited)",
				);
				GCC_WARN_64_TO_32_BIT_CONVERSION = YES;
				GCC_WARN_ABOUT_RETURN_TYPE = YES_ERROR;
				GCC_WARN_UNDECLARED_SELECTOR = YES;
				GCC_WARN_UNINITIALIZED_AUTOS = YES_AGGRESSIVE;
				GCC_WARN_UNUSED_FUNCTION = YES;
				GCC_WARN_UNUSED_VARIABLE = YES;
				IPHONEOS_DEPLOYMENT_TARGET = 12.2;
				MTL_ENABLE_DEBUG_INFO = INCLUDE_SOURCE;
				MTL_FAST_MATH = YES;
				ONLY_ACTIVE_ARCH = YES;
				SDKROOT = iphoneos;
			};
			name = Debug;
		};
		0643F25D22CDD5CA00A161AC /* Release */ = {
			isa = XCBuildConfiguration;
			buildSettings = {
				ALWAYS_SEARCH_USER_PATHS = NO;
				CLANG_ANALYZER_NONNULL = YES;
				CLANG_ANALYZER_NUMBER_OBJECT_CONVERSION = YES_AGGRESSIVE;
				CLANG_CXX_LANGUAGE_STANDARD = "gnu++14";
				CLANG_CXX_LIBRARY = "libc++";
				CLANG_ENABLE_MODULES = YES;
				CLANG_ENABLE_OBJC_ARC = YES;
				CLANG_ENABLE_OBJC_WEAK = YES;
				CLANG_WARN_BLOCK_CAPTURE_AUTORELEASING = YES;
				CLANG_WARN_BOOL_CONVERSION = YES;
				CLANG_WARN_COMMA = YES;
				CLANG_WARN_CONSTANT_CONVERSION = YES;
				CLANG_WARN_DEPRECATED_OBJC_IMPLEMENTATIONS = YES;
				CLANG_WARN_DIRECT_OBJC_ISA_USAGE = YES_ERROR;
				CLANG_WARN_DOCUMENTATION_COMMENTS = YES;
				CLANG_WARN_EMPTY_BODY = YES;
				CLANG_WARN_ENUM_CONVERSION = YES;
				CLANG_WARN_INFINITE_RECURSION = YES;
				CLANG_WARN_INT_CONVERSION = YES;
				CLANG_WARN_NON_LITERAL_NULL_CONVERSION = YES;
				CLANG_WARN_OBJC_IMPLICIT_RETAIN_SELF = YES;
				CLANG_WARN_OBJC_LITERAL_CONVERSION = YES;
				CLANG_WARN_OBJC_ROOT_CLASS = YES_ERROR;
				CLANG_WARN_RANGE_LOOP_ANALYSIS = YES;
				CLANG_WARN_STRICT_PROTOTYPES = YES;
				CLANG_WARN_SUSPICIOUS_MOVE = YES;
				CLANG_WARN_UNGUARDED_AVAILABILITY = YES_AGGRESSIVE;
				CLANG_WARN_UNREACHABLE_CODE = YES;
				CLANG_WARN__DUPLICATE_METHOD_MATCH = YES;
				CODE_SIGN_IDENTITY = "iPhone Developer";
				COPY_PHASE_STRIP = NO;
				DEBUG_INFORMATION_FORMAT = "dwarf-with-dsym";
				ENABLE_NS_ASSERTIONS = NO;
				ENABLE_STRICT_OBJC_MSGSEND = YES;
				GCC_C_LANGUAGE_STANDARD = gnu11;
				GCC_NO_COMMON_BLOCKS = YES;
				GCC_WARN_64_TO_32_BIT_CONVERSION = YES;
				GCC_WARN_ABOUT_RETURN_TYPE = YES_ERROR;
				GCC_WARN_UNDECLARED_SELECTOR = YES;
				GCC_WARN_UNINITIALIZED_AUTOS = YES_AGGRESSIVE;
				GCC_WARN_UNUSED_FUNCTION = YES;
				GCC_WARN_UNUSED_VARIABLE = YES;
				IPHONEOS_DEPLOYMENT_TARGET = 12.2;
				MTL_ENABLE_DEBUG_INFO = NO;
				MTL_FAST_MATH = YES;
				SDKROOT = iphoneos;
				VALIDATE_PRODUCT = YES;
			};
			name = Release;
		};
		0643F25F22CDD5CA00A161AC /* Debug */ = {
			isa = XCBuildConfiguration;
			buildSettings = {
				ASSETCATALOG_COMPILER_APPICON_NAME = AppIcon;
				CODE_SIGN_STYLE = Automatic;
				DEVELOPMENT_TEAM = A4EZAZ6ES2;
				INFOPLIST_FILE = BFLogin/Info.plist;
				LD_RUNPATH_SEARCH_PATHS = (
					"$(inherited)",
					"@executable_path/Frameworks",
				);
				PRODUCT_BUNDLE_IDENTIFIER = com.bqf.BFLogin;
				PRODUCT_NAME = "$(TARGET_NAME)";
				TARGETED_DEVICE_FAMILY = "1,2";
			};
			name = Debug;
		};
		0643F26022CDD5CA00A161AC /* Release */ = {
			isa = XCBuildConfiguration;
			buildSettings = {
				ASSETCATALOG_COMPILER_APPICON_NAME = AppIcon;
				CODE_SIGN_STYLE = Automatic;
				DEVELOPMENT_TEAM = A4EZAZ6ES2;
				INFOPLIST_FILE = BFLogin/Info.plist;
				LD_RUNPATH_SEARCH_PATHS = (
					"$(inherited)",
					"@executable_path/Frameworks",
				);
				PRODUCT_BUNDLE_IDENTIFIER = com.bqf.BFLogin;
				PRODUCT_NAME = "$(TARGET_NAME)";
				TARGETED_DEVICE_FAMILY = "1,2";
			};
			name = Release;
		};
/* End XCBuildConfiguration section */

/* Begin XCConfigurationList section */
		0643F24322CDD5C800A161AC /* Build configuration list for PBXProject "BFLogin" */ = {
			isa = XCConfigurationList;
			buildConfigurations = (
				0643F25C22CDD5CA00A161AC /* Debug */,
				0643F25D22CDD5CA00A161AC /* Release */,
			);
			defaultConfigurationIsVisible = 0;
			defaultConfigurationName = Release;
		};
		0643F25E22CDD5CA00A161AC /* Build configuration list for PBXNativeTarget "BFLogin" */ = {
			isa = XCConfigurationList;
			buildConfigurations = (
				0643F25F22CDD5CA00A161AC /* Debug */,
				0643F26022CDD5CA00A161AC /* Release */,
			);
			defaultConfigurationIsVisible = 0;
			defaultConfigurationName = Release;
		};
/* End XCConfigurationList section */
	};
	rootObject = 0643F24022CDD5C800A161AC /* Project object */;
}
